{
  "name": "nco",
  "version": "1.0.0",
  "lockfileVersion": 2,
  "requires": true,
  "packages": {
    "": {
      "version": "1.0.0",
      "license": "MIT",
      "dependencies": {
        "chai": "^4.3.4",
        "comlink": "^4.3.0",
        "draw-canvas-60fps": "^1.0.0",
        "fft": "^0.2.1",
        "mkdiv": "^1.0.1",
        "sf2-sql": "^1.1.0"
      }
    },
    "node_modules/assertion-error": {
      "version": "1.1.0",
      "resolved": "https://registry.npmjs.org/assertion-error/-/assertion-error-1.1.0.tgz",
      "integrity": "sha512-jgsaNduz+ndvGyFt3uSuWqvy4lCnIJiovtouQN5JZHOKCS2QuhEdbcQHFhVksz2N2U9hXJo8odG7ETyWlEeuDw==",
      "engines": {
        "node": "*"
      }
    },
    "node_modules/chai": {
      "version": "4.3.4",
      "resolved": "https://registry.npmjs.org/chai/-/chai-4.3.4.tgz",
      "integrity": "sha512-yS5H68VYOCtN1cjfwumDSuzn/9c+yza4f3reKXlE5rUg7SFcCEy90gJvydNgOYtblyf4Zi6jIWRnXOgErta0KA==",
      "dependencies": {
        "assertion-error": "^1.1.0",
        "check-error": "^1.0.2",
        "deep-eql": "^3.0.1",
        "get-func-name": "^2.0.0",
        "pathval": "^1.1.1",
        "type-detect": "^4.0.5"
      },
      "engines": {
        "node": ">=4"
      }
    },
    "node_modules/check-error": {
      "version": "1.0.2",
      "resolved": "https://registry.npmjs.org/check-error/-/check-error-1.0.2.tgz",
      "integrity": "sha1-V00xLt2Iu13YkS6Sht1sCu1KrII=",
      "engines": {
        "node": "*"
      }
    },
    "node_modules/comlink": {
      "version": "4.3.0",
      "resolved": "https://registry.npmjs.org/comlink/-/comlink-4.3.0.tgz",
      "integrity": "sha512-mu4KKKNuW8TvkfpW/H88HBPeILubBS6T94BdD1VWBXNXfiyqVtwUCVNO1GeNOBTsIswzsMjWlycYr+77F5b84g=="
    },
    "node_modules/deep-eql": {
      "version": "3.0.1",
      "resolved": "https://registry.npmjs.org/deep-eql/-/deep-eql-3.0.1.tgz",
      "integrity": "sha512-+QeIQyN5ZuO+3Uk5DYh6/1eKO0m0YmJFGNmFHGACpf1ClL1nmlV/p4gNgbl2pJGxgXb4faqo6UE+M5ACEMyVcw==",
      "dependencies": {
        "type-detect": "^4.0.0"
      },
      "engines": {
        "node": ">=0.12"
      }
    },
    "node_modules/draw-canvas-60fps": {
      "version": "1.0.0",
      "resolved": "https://registry.npmjs.org/draw-canvas-60fps/-/draw-canvas-60fps-1.0.0.tgz",
      "integrity": "sha512-T9OJCRBh+C8TVJdwAAGX5tqmoqqwbIESuLM814J1I+JYnq3pnrWiq8Ma7uatFPqYYHXAXGeKoWiwj8N6o4+x2A=="
    },
    "node_modules/fft": {
      "version": "0.2.1",
      "resolved": "https://registry.npmjs.org/fft/-/fft-0.2.1.tgz",
      "integrity": "sha1-EERVT9uhoLlsSEPV3qhSXKs2Iao=",
      "engines": {
        "node": ">=0.6.0-0"
      }
    },
    "node_modules/get-func-name": {
      "version": "2.0.0",
      "resolved": "https://registry.npmjs.org/get-func-name/-/get-func-name-2.0.0.tgz",
      "integrity": "sha1-6td0q+5y4gQJQzoGY2YCPdaIekE=",
      "engines": {
        "node": "*"
      }
    },
    "node_modules/mkdiv": {
      "version": "1.0.1",
      "resolved": "https://registry.npmjs.org/mkdiv/-/mkdiv-1.0.1.tgz",
      "integrity": "sha512-rMlXszzIivKyes9B/CB+g2Re0KwyTiP2ekxNzK5X63WHQBmEK8H76KFWaFb2dCIQQc2e0+cCcrN/Zu2wZq6wKQ=="
    },
    "node_modules/pathval": {
      "version": "1.1.1",
      "resolved": "https://registry.npmjs.org/pathval/-/pathval-1.1.1.tgz",
      "integrity": "sha512-Dp6zGqpTdETdR63lehJYPeIOqpiNBNtc7BpWSLrOje7UaIsE5aY92r/AunQA7rsXvet3lrJ3JnZX29UPTKXyKQ==",
      "engines": {
        "node": "*"
      }
    },
    "node_modules/sf2-sql": {
      "version": "1.1.0",
      "resolved": "https://registry.npmjs.org/sf2-sql/-/sf2-sql-1.1.0.tgz",
      "integrity": "sha512-4udhRkhFmFYOf94eSYSVIY9VkMsxM5Cp9vbezPPPxBuEpLf3pViheB8xdM7m9+5GWM8eCOubI0lHpnQ1tkjZAw=="
    },
    "node_modules/type-detect": {
      "version": "4.0.8",
      "resolved": "https://registry.npmjs.org/type-detect/-/type-detect-4.0.8.tgz",
      "integrity": "sha512-0fr/mIH1dlO+x7TlcMy+bIDqKPsw/70tVyeHW787goQjhmqaZe10uwLujubK9q9Lg6Fiho1KUKDYz0Z7k7g5/g==",
      "engines": {
        "node": ">=4"
      }
    }
  },
  "dependencies": {
    "assertion-error": {
      "version": "1.1.0",
      "resolved": "https://registry.npmjs.org/assertion-error/-/assertion-error-1.1.0.tgz",
      "integrity": "sha512-jgsaNduz+ndvGyFt3uSuWqvy4lCnIJiovtouQN5JZHOKCS2QuhEdbcQHFhVksz2N2U9hXJo8odG7ETyWlEeuDw=="
    },
    "chai": {
      "version": "4.3.4",
      "resolved": "https://registry.npmjs.org/chai/-/chai-4.3.4.tgz",
      "integrity": "sha512-yS5H68VYOCtN1cjfwumDSuzn/9c+yza4f3reKXlE5rUg7SFcCEy90gJvydNgOYtblyf4Zi6jIWRnXOgErta0KA==",
      "requires": {
        "assertion-error": "^1.1.0",
        "check-error": "^1.0.2",
        "deep-eql": "^3.0.1",
        "get-func-name": "^2.0.0",
        "pathval": "^1.1.1",
        "type-detect": "^4.0.5"
      }
    },
    "check-error": {
      "version": "1.0.2",
      "resolved": "https://registry.npmjs.org/check-error/-/check-error-1.0.2.tgz",
      "integrity": "sha1-V00xLt2Iu13YkS6Sht1sCu1KrII="
    },
    "comlink": {
      "version": "4.3.0",
      "resolved": "https://registry.npmjs.org/comlink/-/comlink-4.3.0.tgz",
      "integrity": "sha512-mu4KKKNuW8TvkfpW/H88HBPeILubBS6T94BdD1VWBXNXfiyqVtwUCVNO1GeNOBTsIswzsMjWlycYr+77F5b84g=="
    },
    "deep-eql": {
      "version": "3.0.1",
      "resolved": "https://registry.npmjs.org/deep-eql/-/deep-eql-3.0.1.tgz",
      "integrity": "sha512-+QeIQyN5ZuO+3Uk5DYh6/1eKO0m0YmJFGNmFHGACpf1ClL1nmlV/p4gNgbl2pJGxgXb4faqo6UE+M5ACEMyVcw==",
      "requires": {
        "type-detect": "^4.0.0"
      }
    },
    "draw-canvas-60fps": {
      "version": "1.0.0",
      "resolved": "https://registry.npmjs.org/draw-canvas-60fps/-/draw-canvas-60fps-1.0.0.tgz",
      "integrity": "sha512-T9OJCRBh+C8TVJdwAAGX5tqmoqqwbIESuLM814J1I+JYnq3pnrWiq8Ma7uatFPqYYHXAXGeKoWiwj8N6o4+x2A=="
    },
    "fft": {
      "version": "0.2.1",
      "resolved": "https://registry.npmjs.org/fft/-/fft-0.2.1.tgz",
      "integrity": "sha1-EERVT9uhoLlsSEPV3qhSXKs2Iao="
    },
    "get-func-name": {
      "version": "2.0.0",
      "resolved": "https://registry.npmjs.org/get-func-name/-/get-func-name-2.0.0.tgz",
      "integrity": "sha1-6td0q+5y4gQJQzoGY2YCPdaIekE="
    },
    "mkdiv": {
      "version": "1.0.1",
      "resolved": "https://registry.npmjs.org/mkdiv/-/mkdiv-1.0.1.tgz",
      "integrity": "sha512-rMlXszzIivKyes9B/CB+g2Re0KwyTiP2ekxNzK5X63WHQBmEK8H76KFWaFb2dCIQQc2e0+cCcrN/Zu2wZq6wKQ=="
    },
    "pathval": {
      "version": "1.1.1",
      "resolved": "https://registry.npmjs.org/pathval/-/pathval-1.1.1.tgz",
      "integrity": "sha512-Dp6zGqpTdETdR63lehJYPeIOqpiNBNtc7BpWSLrOje7UaIsE5aY92r/AunQA7rsXvet3lrJ3JnZX29UPTKXyKQ=="
    },
    "sf2-sql": {
      "version": "1.1.0",
      "resolved": "https://registry.npmjs.org/sf2-sql/-/sf2-sql-1.1.0.tgz",
      "integrity": "sha512-4udhRkhFmFYOf94eSYSVIY9VkMsxM5Cp9vbezPPPxBuEpLf3pViheB8xdM7m9+5GWM8eCOubI0lHpnQ1tkjZAw=="
    },
    "type-detect": {
      "version": "4.0.8",
      "resolved": "https://registry.npmjs.org/type-detect/-/type-detect-4.0.8.tgz",
      "integrity": "sha512-0fr/mIH1dlO+x7TlcMy+bIDqKPsw/70tVyeHW787goQjhmqaZe10uwLujubK9q9Lg6Fiho1KUKDYz0Z7k7g5/g=="
    }
  }
}
