{
  "name": "nco",
  "version": "1.0.0",
  "lockfileVersion": 2,
  "requires": true,
  "packages": {
    "": {
      "version": "1.0.0",
      "license": "MIT",
      "dependencies": {
        "draw-canvas-60fps": "^1.0.0",
        "fft": "^0.2.1",
        "mkdiv": "^1.0.1",
        "sf2-sql": "^1.1.0"
      }
    },
    "node_modules/draw-canvas-60fps": {
      "version": "1.0.0",
      "resolved": "https://registry.npmjs.org/draw-canvas-60fps/-/draw-canvas-60fps-1.0.0.tgz",
      "integrity": "sha512-T9OJCRBh+C8TVJdwAAGX5tqmoqqwbIESuLM814J1I+JYnq3pnrWiq8Ma7uatFPqYYHXAXGeKoWiwj8N6o4+x2A=="
    },
    "node_modules/fft": {
      "version": "0.2.1",
      "resolved": "https://registry.npmjs.org/fft/-/fft-0.2.1.tgz",
      "integrity": "sha1-EERVT9uhoLlsSEPV3qhSXKs2Iao=",
      "engines": {
        "node": ">=0.6.0-0"
      }
    },
    "node_modules/mkdiv": {
      "version": "1.0.1",
      "resolved": "https://registry.npmjs.org/mkdiv/-/mkdiv-1.0.1.tgz",
      "integrity": "sha512-rMlXszzIivKyes9B/CB+g2Re0KwyTiP2ekxNzK5X63WHQBmEK8H76KFWaFb2dCIQQc2e0+cCcrN/Zu2wZq6wKQ=="
    },
    "node_modules/sf2-sql": {
      "version": "1.1.0",
      "resolved": "https://registry.npmjs.org/sf2-sql/-/sf2-sql-1.1.0.tgz",
      "integrity": "sha512-4udhRkhFmFYOf94eSYSVIY9VkMsxM5Cp9vbezPPPxBuEpLf3pViheB8xdM7m9+5GWM8eCOubI0lHpnQ1tkjZAw=="
    }
  },
  "dependencies": {
    "draw-canvas-60fps": {
      "version": "1.0.0",
      "resolved": "https://registry.npmjs.org/draw-canvas-60fps/-/draw-canvas-60fps-1.0.0.tgz",
      "integrity": "sha512-T9OJCRBh+C8TVJdwAAGX5tqmoqqwbIESuLM814J1I+JYnq3pnrWiq8Ma7uatFPqYYHXAXGeKoWiwj8N6o4+x2A=="
    },
    "fft": {
      "version": "0.2.1",
      "resolved": "https://registry.npmjs.org/fft/-/fft-0.2.1.tgz",
      "integrity": "sha1-EERVT9uhoLlsSEPV3qhSXKs2Iao="
    },
    "mkdiv": {
      "version": "1.0.1",
      "resolved": "https://registry.npmjs.org/mkdiv/-/mkdiv-1.0.1.tgz",
      "integrity": "sha512-rMlXszzIivKyes9B/CB+g2Re0KwyTiP2ekxNzK5X63WHQBmEK8H76KFWaFb2dCIQQc2e0+cCcrN/Zu2wZq6wKQ=="
    },
    "sf2-sql": {
      "version": "1.1.0",
      "resolved": "https://registry.npmjs.org/sf2-sql/-/sf2-sql-1.1.0.tgz",
      "integrity": "sha512-4udhRkhFmFYOf94eSYSVIY9VkMsxM5Cp9vbezPPPxBuEpLf3pViheB8xdM7m9+5GWM8eCOubI0lHpnQ1tkjZAw=="
    }
  }
}
